<?xml version="1.0" encoding="utf-8"?>
<Project ToolsVersion="4.0" xmlns="http://schemas.microsoft.com/developer/msbuild/2003">
  <ItemGroup>
    <Filter Include="Game">
      <UniqueIdentifier>{f36aec4f-fb6d-4c5e-ad63-b4ec29307422}</UniqueIdentifier>
    </Filter>
    <Filter Include="Game\Scene">
      <UniqueIdentifier>{b67a4415-e46c-4b4f-b973-4c7452dab3c3}</UniqueIdentifier>
    </Filter>
    <Filter Include="Game\Object">
      <UniqueIdentifier>{290ad31e-91cf-4cd6-b3fe-027fa36fb487}</UniqueIdentifier>
    </Filter>
    <Filter Include="Game\Component">
      <UniqueIdentifier>{787af317-f60c-4c1f-8130-6e0279e570de}</UniqueIdentifier>
    </Filter>
    <Filter Include="Game\RailCameraSystem">
      <UniqueIdentifier>{2245a9b8-7bea-42ba-a566-ad3e0e4f99a4}</UniqueIdentifier>
    </Filter>
    <Filter Include="Game\RailCameraSystem\Controller">
      <UniqueIdentifier>{82572a16-df14-40b9-831c-28456231c5b4}</UniqueIdentifier>
    </Filter>
    <Filter Include="Game\RailCameraSystem\Data">
      <UniqueIdentifier>{04e11a2a-834b-43ea-91a2-76ef83755fd1}</UniqueIdentifier>
    </Filter>
    <Filter Include="Game\RailCameraSystem\Loader">
      <UniqueIdentifier>{fbfc21c5-b9b5-44d1-adba-f33f0bcc37ff}</UniqueIdentifier>
    </Filter>
    <Filter Include="Game\RailCameraSystem\Converter">
      <UniqueIdentifier>{b0561d18-e060-404e-8030-32ff35b4d14d}</UniqueIdentifier>
    </Filter>
    <Filter Include="Game\RailCameraSystem\DebugUtils">
      <UniqueIdentifier>{4e725bda-1e1d-4386-a001-dcf784bcb762}</UniqueIdentifier>
    </Filter>
    <Filter Include="Game\Flashlight">
      <UniqueIdentifier>{a922a671-c956-4964-92d9-a3ba492b0866}</UniqueIdentifier>
    </Filter>
  </ItemGroup>
  <ItemGroup>
    <ClCompile Include="main.cpp" />
    <ClCompile Include="Test.cpp">
      <Filter>Game</Filter>
    </ClCompile>
    <ClCompile Include="TestScene.cpp">
      <Filter>Game\Scene</Filter>
    </ClCompile>
    <ClCompile Include="DebugCamera.cpp">
      <Filter>Game\Object</Filter>
    </ClCompile>
    <ClCompile Include="MeshComponent.cpp">
      <Filter>Game\Component</Filter>
    </ClCompile>
    <ClCompile Include="LevelLoader.cpp">
      <Filter>Game</Filter>
    </ClCompile>
    <ClCompile Include="DemoGameObjectFactory.cpp">
      <Filter>Game</Filter>
    </ClCompile>
    <ClCompile Include="DemoComponentRegisterer.cpp">
      <Filter>Game</Filter>
    </ClCompile>
    <ClCompile Include="CameraComponent.cpp">
      <Filter>Game\Component</Filter>
    </ClCompile>
    <ClCompile Include="RailCameraLoader.cpp">
      <Filter>Game\RailCameraSystem\Loader</Filter>
    </ClCompile>
    <ClCompile Include="RailCameraController.cpp">
      <Filter>Game\RailCameraSystem\Controller</Filter>
    </ClCompile>
    <ClCompile Include="Flashlight.cpp" />
  </ItemGroup>
  <ItemGroup>
    <ClInclude Include="Test.h">
      <Filter>Game</Filter>
    </ClInclude>
    <ClInclude Include="TestScene.h">
      <Filter>Game\Scene</Filter>
    </ClInclude>
    <ClInclude Include="DebugCamera.h">
      <Filter>Game\Object</Filter>
    </ClInclude>
    <ClInclude Include="MeshComponent.h">
      <Filter>Game\Component</Filter>
    </ClInclude>
    <ClInclude Include="LevelLoader.h">
      <Filter>Game</Filter>
    </ClInclude>
    <ClInclude Include="DemoGameObjectFactory.h">
      <Filter>Game</Filter>
    </ClInclude>
    <ClInclude Include="DemoComponentRegisterer.h">
      <Filter>Game</Filter>
    </ClInclude>
    <ClInclude Include="CameraComponent.h">
      <Filter>Game\Component</Filter>
    </ClInclude>
    <ClInclude Include="RailCameraData.h">
      <Filter>Game\RailCameraSystem\Data</Filter>
    </ClInclude>
    <ClInclude Include="RailCameraLoader.h">
      <Filter>Game\RailCameraSystem\Loader</Filter>
    </ClInclude>
    <ClInclude Include="RailCameraController.h">
      <Filter>Game\RailCameraSystem\Controller</Filter>
    </ClInclude>
    <ClInclude Include="RailCameraConverter.h">
      <Filter>Game\RailCameraSystem\Converter</Filter>
    </ClInclude>
    <ClInclude Include="RailCameraDebugUtils.h">
      <Filter>Game\RailCameraSystem\DebugUtils</Filter>
    </ClInclude>
    <ClInclude Include="Flashlight.h">
      <Filter>Game\Flashlight</Filter>
    </ClInclude>
  </ItemGroup>
</Project>