<?xml version="1.0" encoding="utf-8"?>
<Project ToolsVersion="4.0" xmlns="http://schemas.microsoft.com/developer/msbuild/2003">
  <ItemGroup>
    <Filter Include="Game">
      <UniqueIdentifier>{f36aec4f-fb6d-4c5e-ad63-b4ec29307422}</UniqueIdentifier>
    </Filter>
    <Filter Include="Game\Scene">
      <UniqueIdentifier>{b67a4415-e46c-4b4f-b973-4c7452dab3c3}</UniqueIdentifier>
    </Filter>
    <Filter Include="Game\Object">
      <UniqueIdentifier>{290ad31e-91cf-4cd6-b3fe-027fa36fb487}</UniqueIdentifier>
    </Filter>
    <Filter Include="Game\Flashlight">
      <UniqueIdentifier>{a922a671-c956-4964-92d9-a3ba492b0866}</UniqueIdentifier>
    </Filter>
    <Filter Include="Game\SceneObjectSystem">
      <UniqueIdentifier>{85af7424-92a1-4764-a881-320c67fc6e10}</UniqueIdentifier>
    </Filter>
    <Filter Include="Game\SceneObjectSystem\Data">
      <UniqueIdentifier>{380c7636-7773-4725-afd4-a22c33c38f2e}</UniqueIdentifier>
    </Filter>
    <Filter Include="Game\SceneObjectSystem\Converter">
      <UniqueIdentifier>{9e3dd84a-68f7-4512-8577-606532d3dd24}</UniqueIdentifier>
    </Filter>
    <Filter Include="Game\SceneObjectSystem\Loader">
      <UniqueIdentifier>{d2bab71d-57b0-46e5-bdae-b39b9710c5f5}</UniqueIdentifier>
    </Filter>
    <Filter Include="Game\SceneObjectSystem\Manager">
      <UniqueIdentifier>{172d5624-042d-42d2-a498-bb6afa3103f6}</UniqueIdentifier>
    </Filter>
    <Filter Include="Game\Object\GameObject">
      <UniqueIdentifier>{9db67596-5bc4-4be8-b210-ee3e6ff3a8fe}</UniqueIdentifier>
    </Filter>
    <Filter Include="Game\Trolley">
      <UniqueIdentifier>{980fab07-0d45-4df9-8d5f-6a1d64655842}</UniqueIdentifier>
    </Filter>
    <Filter Include="Game\Collision">
      <UniqueIdentifier>{99c51040-68fe-45b7-b94e-b4f392028749}</UniqueIdentifier>
    </Filter>
    <Filter Include="Game\RailSystem">
      <UniqueIdentifier>{2245a9b8-7bea-42ba-a566-ad3e0e4f99a4}</UniqueIdentifier>
    </Filter>
    <Filter Include="Game\RailSystem\Data">
      <UniqueIdentifier>{04e11a2a-834b-43ea-91a2-76ef83755fd1}</UniqueIdentifier>
    </Filter>
    <Filter Include="Game\RailSystem\Converter">
      <UniqueIdentifier>{b0561d18-e060-404e-8030-32ff35b4d14d}</UniqueIdentifier>
    </Filter>
    <Filter Include="Game\RailSystem\DebugUtils">
      <UniqueIdentifier>{4e725bda-1e1d-4386-a001-dcf784bcb762}</UniqueIdentifier>
    </Filter>
    <Filter Include="Game\RailSystem\AnimationPlayer">
      <UniqueIdentifier>{82572a16-df14-40b9-831c-28456231c5b4}</UniqueIdentifier>
    </Filter>
    <Filter Include="Game\RailSystem\Camera">
      <UniqueIdentifier>{9add3b22-1f5e-4350-b2bd-27b3fd254a13}</UniqueIdentifier>
    </Filter>
    <Filter Include="Game\LightObject">
      <UniqueIdentifier>{222db5f3-ca9e-43c7-bfd9-fc74ed0a8458}</UniqueIdentifier>
    </Filter>
    <Filter Include="Game\Deadline">
      <UniqueIdentifier>{bf185b34-956c-498f-a258-3853b8ebc304}</UniqueIdentifier>
    </Filter>
    <Filter Include="Game\Device">
      <UniqueIdentifier>{4085a3e1-be42-41ee-bd02-c7af7a5de181}</UniqueIdentifier>
    </Filter>
    <Filter Include="Game\Particle">
      <UniqueIdentifier>{adf7f51c-ef77-418b-b471-d7b2d943219c}</UniqueIdentifier>
    </Filter>
    <Filter Include="Game\Event">
      <UniqueIdentifier>{bcf440e0-15e1-4a31-812d-54757648ea9b}</UniqueIdentifier>
    </Filter>
    <Filter Include="Game\Utils">
      <UniqueIdentifier>{4eca73d1-8500-4089-b078-cb8c08895cfe}</UniqueIdentifier>
    </Filter>
    <Filter Include="Game\RailSystem\UI">
      <UniqueIdentifier>{9a98a42f-13cf-4f6a-9f35-8ea1bfafe399}</UniqueIdentifier>
    </Filter>
    <Filter Include="Game\LevelManager">
      <UniqueIdentifier>{79e18be2-fe02-435b-9d9b-29348f0b91da}</UniqueIdentifier>
    </Filter>
    <Filter Include="Game\Diorama">
      <UniqueIdentifier>{15fac920-4ffd-445f-a0da-99c5883d2dfc}</UniqueIdentifier>
    </Filter>
    <Filter Include="Game\Tutorial">
      <UniqueIdentifier>{23166b77-e772-49e9-926f-a7785f8a36ec}</UniqueIdentifier>
    </Filter>
    <Filter Include="Game\TextUI">
      <UniqueIdentifier>{109f70c6-9a6f-4a17-afcc-01e2bafb704c}</UniqueIdentifier>
    </Filter>
  </ItemGroup>
  <ItemGroup>
    <ClCompile Include="main.cpp" />
    <ClCompile Include="Test.cpp">
      <Filter>Game</Filter>
    </ClCompile>
    <ClCompile Include="GameScene.cpp">
      <Filter>Game\Scene</Filter>
    </ClCompile>
    <ClCompile Include="DebugCamera.cpp">
      <Filter>Game\Object</Filter>
    </ClCompile>
    <ClCompile Include="RailAnimationPlayer.cpp">
      <Filter>Game\RailSystem\AnimationPlayer</Filter>
    </ClCompile>
    <ClCompile Include="SceneObjectLoader.cpp">
      <Filter>Game\SceneObjectSystem\Loader</Filter>
    </ClCompile>
    <ClCompile Include="SceneObjectData.cpp">
      <Filter>Game\SceneObjectSystem\Data</Filter>
    </ClCompile>
    <ClCompile Include="SceneObjectManager.cpp">
      <Filter>Game\SceneObjectSystem\Manager</Filter>
    </ClCompile>
    <ClCompile Include="TitleScene.cpp">
      <Filter>Game\Scene</Filter>
    </ClCompile>
    <ClCompile Include="GameOverScene.cpp">
      <Filter>Game\Scene</Filter>
    </ClCompile>
    <ClCompile Include="GameClearScene.cpp">
      <Filter>Game\Scene</Filter>
    </ClCompile>
    <ClCompile Include="StageSelectScene.cpp">
      <Filter>Game\Scene</Filter>
    </ClCompile>
    <ClCompile Include="Flashlight.cpp">
      <Filter>Game\Flashlight</Filter>
    </ClCompile>
    <ClCompile Include="CollisionSystem.cpp">
      <Filter>Game\Collision</Filter>
    </ClCompile>
    <ClCompile Include="Trolley.cpp">
      <Filter>Game\Trolley</Filter>
    </ClCompile>
    <ClCompile Include="FlashlightUI.cpp">
      <Filter>Game\Flashlight</Filter>
    </ClCompile>
    <ClCompile Include="TrolleyUI.cpp">
      <Filter>Game\Trolley</Filter>
    </ClCompile>
    <ClCompile Include="RailCameraSystem.cpp">
      <Filter>Game\RailSystem\Camera</Filter>
    </ClCompile>
    <ClCompile Include="LightObject.cpp">
      <Filter>Game\LightObject</Filter>
    </ClCompile>
    <ClCompile Include="SpotLightObject.cpp">
      <Filter>Game\LightObject</Filter>
    </ClCompile>
    <ClCompile Include="Deadline.cpp">
      <Filter>Game\Deadline</Filter>
    </ClCompile>
    <ClCompile Include="DeadlineUI.cpp">
      <Filter>Game\Deadline</Filter>
    </ClCompile>
    <ClCompile Include="GameSystem.cpp">
      <Filter>Game\Scene</Filter>
    </ClCompile>
    <ClCompile Include="DeviceOptionsUI.cpp">
      <Filter>Game\Device</Filter>
    </ClCompile>
    <ClCompile Include="LightDeviceInput.cpp">
      <Filter>Game\Device</Filter>
    </ClCompile>
    <ClCompile Include="ModelEmitter.cpp">
      <Filter>Game\Particle</Filter>
    </ClCompile>
    <ClCompile Include="PowerEmitter.cpp">
      <Filter>Game\Particle</Filter>
    </ClCompile>
    <ClCompile Include="Bats.cpp">
      <Filter>Game\Event</Filter>
    </ClCompile>
    <ClCompile Include="AnimationUtils.cpp" />
    <ClCompile Include="AnimationLoader.cpp" />
    <ClCompile Include="BatsParticles.cpp">
      <Filter>Game\Particle</Filter>
    </ClCompile>
    <ClCompile Include="BatsBullets.cpp">
      <Filter>Game\Particle</Filter>
    </ClCompile>
    <ClCompile Include="BatteryParticles.cpp">
      <Filter>Game\Particle</Filter>
    </ClCompile>
    <ClCompile Include="RailcameraUI.cpp" />
    <ClCompile Include="Diorama.cpp">
      <Filter>Game\Diorama</Filter>
    </ClCompile>
    <ClCompile Include="BatsManager.cpp">
      <Filter>Game\Event</Filter>
    </ClCompile>
    <ClCompile Include="TutorialObject.cpp">
      <Filter>Game\Tutorial</Filter>
    </ClCompile>
    <ClCompile Include="Ghosts.cpp">
      <Filter>Game\Event</Filter>
    </ClCompile>
    <ClCompile Include="GhostsManager.cpp">
      <Filter>Game\Event</Filter>
    </ClCompile>
    <ClCompile Include="GhostsParticles.cpp">
      <Filter>Game\Particle</Filter>
    </ClCompile>
    <ClCompile Include="AnimationTransform.cpp" />
    <ClCompile Include="IcicleParticle.cpp">
      <Filter>Game\Particle</Filter>
    </ClCompile>
    <ClCompile Include="TombDebtris.cpp">
      <Filter>Game\Particle</Filter>
    </ClCompile>
    <ClCompile Include="IcicleBreak.cpp">
      <Filter>Game\Particle</Filter>
    </ClCompile>
    <ClCompile Include="ClearParticles.cpp">
      <Filter>Game\Particle</Filter>
    </ClCompile>
    <ClCompile Include="TextUI.cpp">
      <Filter>Game\TextUI</Filter>
    </ClCompile>
  </ItemGroup>
  <ItemGroup>
    <ClInclude Include="Test.h">
      <Filter>Game</Filter>
    </ClInclude>
    <ClInclude Include="GameScene.h">
      <Filter>Game\Scene</Filter>
    </ClInclude>
    <ClInclude Include="DebugCamera.h">
      <Filter>Game\Object</Filter>
    </ClInclude>
    <ClInclude Include="RailData.h">
      <Filter>Game\RailSystem\Data</Filter>
    </ClInclude>
    <ClInclude Include="RailAnimationPlayer.h">
      <Filter>Game\RailSystem\AnimationPlayer</Filter>
    </ClInclude>
    <ClInclude Include="RailConverter.h">
      <Filter>Game\RailSystem\Converter</Filter>
    </ClInclude>
    <ClInclude Include="RailDebugUtils.h">
      <Filter>Game\RailSystem\DebugUtils</Filter>
    </ClInclude>
    <ClInclude Include="Flashlight.h">
      <Filter>Game\Flashlight</Filter>
    </ClInclude>
    <ClInclude Include="SceneObjectData.h">
      <Filter>Game\SceneObjectSystem\Data</Filter>
    </ClInclude>
    <ClInclude Include="SceneObjectLoader.h">
      <Filter>Game\SceneObjectSystem\Loader</Filter>
    </ClInclude>
    <ClInclude Include="SceneObjectManager.h">
      <Filter>Game\SceneObjectSystem\Manager</Filter>
    </ClInclude>
    <ClInclude Include="SceneObjectConverter.h">
      <Filter>Game\SceneObjectSystem\Converter</Filter>
    </ClInclude>
    <ClInclude Include="TitleScene.h">
      <Filter>Game\Scene</Filter>
    </ClInclude>
    <ClInclude Include="GameOverScene.h">
      <Filter>Game\Scene</Filter>
    </ClInclude>
    <ClInclude Include="GameClearScene.h">
      <Filter>Game\Scene</Filter>
    </ClInclude>
    <ClInclude Include="resource.h" />
    <ClInclude Include="StageSelectScene.h">
      <Filter>Game\Scene</Filter>
    </ClInclude>
    <ClInclude Include="PersistentData.h">
      <Filter>Game\Scene</Filter>
    </ClInclude>
    <ClInclude Include="Collider.h">
      <Filter>Game\Collision</Filter>
    </ClInclude>
    <ClInclude Include="CollisionSystem.h">
      <Filter>Game\Collision</Filter>
    </ClInclude>
    <ClInclude Include="Trolley.h">
      <Filter>Game\Trolley</Filter>
    </ClInclude>
    <ClInclude Include="FlashlightUI.h">
      <Filter>Game\Flashlight</Filter>
    </ClInclude>
    <ClInclude Include="TrolleyUI.h">
      <Filter>Game\Trolley</Filter>
    </ClInclude>
    <ClInclude Include="RailCameraSystem.h">
      <Filter>Game\RailSystem\Camera</Filter>
    </ClInclude>
    <ClInclude Include="LightObject.h">
      <Filter>Game\LightObject</Filter>
    </ClInclude>
    <ClInclude Include="SpotLightObject.h">
      <Filter>Game\LightObject</Filter>
    </ClInclude>
    <ClInclude Include="Deadline.h">
      <Filter>Game\Deadline</Filter>
    </ClInclude>
    <ClInclude Include="DeadlineUI.h">
      <Filter>Game\Deadline</Filter>
    </ClInclude>
    <ClInclude Include="GameSystem.h">
      <Filter>Game\Scene</Filter>
    </ClInclude>
    <ClInclude Include="DeviceOptionsUI.h">
      <Filter>Game\Device</Filter>
    </ClInclude>
    <ClInclude Include="LightDeviceInput.h">
      <Filter>Game\Device</Filter>
    </ClInclude>
    <ClInclude Include="ModelEmitter.h">
      <Filter>Game\Particle</Filter>
    </ClInclude>
    <ClInclude Include="PowerEmitter.h">
      <Filter>Game\Particle</Filter>
    </ClInclude>
    <ClInclude Include="Bats.h">
      <Filter>Game\Event</Filter>
    </ClInclude>
    <ClInclude Include="AnimationUtils.h">
      <Filter>Game\Utils</Filter>
    </ClInclude>
    <ClInclude Include="AnimationLoader.h">
      <Filter>Game\Utils</Filter>
    </ClInclude>
    <ClInclude Include="ParticleDefine.h">
      <Filter>Game\LightObject</Filter>
    </ClInclude>
    <ClInclude Include="BatsManager.h">
      <Filter>Game\Event</Filter>
    </ClInclude>
    <ClInclude Include="BatsParticles.h">
      <Filter>Game\Particle</Filter>
    </ClInclude>
    <ClInclude Include="BatsBullets.h">
      <Filter>Game\Particle</Filter>
    </ClInclude>
    <ClInclude Include="BatteryParticles.h">
      <Filter>Game\Particle</Filter>
    </ClInclude>
    <ClInclude Include="RailcameraUI.h">
      <Filter>Game\RailSystem\UI</Filter>
    </ClInclude>
    <ClInclude Include="LevelManager.h">
      <Filter>Game\LevelManager</Filter>
    </ClInclude>
    <ClInclude Include="Diorama.h">
      <Filter>Game\Diorama</Filter>
    </ClInclude>
    <ClInclude Include="TutorialObject.h">
      <Filter>Game\Tutorial</Filter>
    </ClInclude>
    <ClInclude Include="Ghosts.h">
      <Filter>Game\Event</Filter>
    </ClInclude>
    <ClInclude Include="GhostsManager.h">
      <Filter>Game\Event</Filter>
    </ClInclude>
    <ClInclude Include="GhostsParticles.h">
      <Filter>Game\Particle</Filter>
    </ClInclude>
    <ClInclude Include="AnimationTransform.h" />
    <ClInclude Include="IcicleParticle.h">
      <Filter>Game\Particle</Filter>
    </ClInclude>
    <ClInclude Include="TombDebtris.h">
      <Filter>Game\Particle</Filter>
    </ClInclude>
    <ClInclude Include="IcicleBreak.h">
      <Filter>Game\Particle</Filter>
    </ClInclude>
    <ClInclude Include="ClearParticles.h">
      <Filter>Game\Particle</Filter>
    </ClInclude>
    <ClInclude Include="TextUI.h">
      <Filter>Game\TextUI</Filter>
    </ClInclude>
  </ItemGroup>
  <ItemGroup>
    <ResourceCompile Include="Test.rc" />
  </ItemGroup>
</Project>